
Microsoft Visual Studio Solution File, Format Version 12.00
# Visual Studio 15
VisualStudioVersion = 15.0.28307.329
MinimumVisualStudioVersion = 10.0.40219.1
Project("{FAE04EC0-301F-11D3-BF4B-00C04F79EFBC}") = "WindowsFormsApplicationForDeployTest", "WindowsFormsApplicationForDeployTest\WindowsFormsApplicationForDeployTest.csproj", "{F361CCD0-7737-4776-B864-3671A67507A9}"
EndProject
Project("{54435603-DBB4-11D2-8724-00A0C9A8B90C}") = "DeployTestSetup", "DeployTestSetup\DeployTestSetup.vdproj", "{431A5050-D86B-4599-ADE7-C417E54F79C4}"
EndProject
Global
	GlobalSection(SolutionConfigurationPlatforms) = preSolution
		Debug|Any CPU = Debug|Any CPU
		Release|Any CPU = Release|Any CPU
	EndGlobalSection
	GlobalSection(ProjectConfigurationPlatforms) = postSolution
		{F361CCD0-7737-4776-B864-3671A67507A9}.Debug|Any CPU.ActiveCfg = Debug|Any CPU
		{F361CCD0-7737-4776-B864-3671A67507A9}.Debug|Any CPU.Build.0 = Debug|Any CPU
		{F361CCD0-7737-4776-B864-3671A67507A9}.Release|Any CPU.ActiveCfg = Release|Any CPU
		{F361CCD0-7737-4776-B864-3671A67507A9}.Release|Any CPU.Build.0 = Release|Any CPU
		{431A5050-D86B-4599-ADE7-C417E54F79C4}.Debug|Any CPU.ActiveCfg = Debug
		{431A5050-D86B-4599-ADE7-C417E54F79C4}.Release|Any CPU.ActiveCfg = Release
	EndGlobalSection
	GlobalSection(SolutionProperties) = preSolution
		HideSolutionNode = FALSE
	EndGlobalSection
	GlobalSection(ExtensibilityGlobals) = postSolution
		SolutionGuid = {4F6DFDB9-9F24-4DA6-BDC9-26D18CD8BAC8}
	EndGlobalSection
EndGlobal
